
Microsoft Visual Studio Solution File, Format Version 12.00
# Visual Studio 14
VisualStudioVersion = 14.0.25420.1
MinimumVisualStudioVersion = 10.0.40219.1
Project("{FAE04EC0-301F-11D3-BF4B-00C04F79EFBC}") = "eXam.Droid", "eXam\eXam.Droid\eXam.Droid.csproj", "{9A4410E1-B3FE-4EF9-90AD-4E3A557FE1CE}"
EndProject
Project("{FAE04EC0-301F-11D3-BF4B-00C04F79EFBC}") = "eXam.iOS", "eXam\eXam.iOS\eXam.iOS.csproj", "{B54A0BBA-B9DE-4C80-91D3-494967A6980A}"
EndProject
Project("{FAE04EC0-301F-11D3-BF4B-00C04F79EFBC}") = "eXam.WinPhone", "eXam\eXam.WinPhone\eXam.WinPhone.csproj", "{C6B88858-94DB-4691-95A9-C9E59D8D2384}"
EndProject
Project("{FAE04EC0-301F-11D3-BF4B-00C04F79EFBC}") = "eXam.UWP", "eXam\eXam.UWP\eXam.UWP.csproj", "{D05EDFED-7394-42CF-A6BA-7FBF243E822D}"
EndProject
Project("{FAE04EC0-301F-11D3-BF4B-00C04F79EFBC}") = "eXam.Windows", "eXam\eXam.Windows\eXam.Windows.csproj", "{613F0D5F-092E-4DC6-8786-A856DBE329B4}"
EndProject
Project("{FAE04EC0-301F-11D3-BF4B-00C04F79EFBC}") = "eXam", "eXam\eXam\eXam.csproj", "{F2E843A4-7543-4C20-B6DA-82A40E0FC257}"
EndProject
Global
	GlobalSection(SolutionConfigurationPlatforms) = preSolution
		Ad-Hoc|Any CPU = Ad-Hoc|Any CPU
		Ad-Hoc|ARM = Ad-Hoc|ARM
		Ad-Hoc|iPhone = Ad-Hoc|iPhone
		Ad-Hoc|iPhoneSimulator = Ad-Hoc|iPhoneSimulator
		Ad-Hoc|x64 = Ad-Hoc|x64
		Ad-Hoc|x86 = Ad-Hoc|x86
		AppStore|Any CPU = AppStore|Any CPU
		AppStore|ARM = AppStore|ARM
		AppStore|iPhone = AppStore|iPhone
		AppStore|iPhoneSimulator = AppStore|iPhoneSimulator
		AppStore|x64 = AppStore|x64
		AppStore|x86 = AppStore|x86
		Debug|Any CPU = Debug|Any CPU
		Debug|ARM = Debug|ARM
		Debug|iPhone = Debug|iPhone
		Debug|iPhoneSimulator = Debug|iPhoneSimulator
		Debug|x64 = Debug|x64
		Debug|x86 = Debug|x86
		Release|Any CPU = Release|Any CPU
		Release|ARM = Release|ARM
		Release|iPhone = Release|iPhone
		Release|iPhoneSimulator = Release|iPhoneSimulator
		Release|x64 = Release|x64
		Release|x86 = Release|x86
	EndGlobalSection
	GlobalSection(ProjectConfigurationPlatforms) = postSolution
		{9A4410E1-B3FE-4EF9-90AD-4E3A557FE1CE}.Ad-Hoc|Any CPU.ActiveCfg = Release|Any CPU
		{9A4410E1-B3FE-4EF9-90AD-4E3A557FE1CE}.Ad-Hoc|Any CPU.Build.0 = Release|Any CPU
		{9A4410E1-B3FE-4EF9-90AD-4E3A557FE1CE}.Ad-Hoc|Any CPU.Deploy.0 = Release|Any CPU
		{9A4410E1-B3FE-4EF9-90AD-4E3A557FE1CE}.Ad-Hoc|ARM.ActiveCfg = Release|Any CPU
		{9A4410E1-B3FE-4EF9-90AD-4E3A557FE1CE}.Ad-Hoc|ARM.Build.0 = Release|Any CPU
		{9A4410E1-B3FE-4EF9-90AD-4E3A557FE1CE}.Ad-Hoc|ARM.Deploy.0 = Release|Any CPU
		{9A4410E1-B3FE-4EF9-90AD-4E3A557FE1CE}.Ad-Hoc|iPhone.ActiveCfg = Release|Any CPU
		{9A4410E1-B3FE-4EF9-90AD-4E3A557FE1CE}.Ad-Hoc|iPhone.Build.0 = Release|Any CPU
		{9A4410E1-B3FE-4EF9-90AD-4E3A557FE1CE}.Ad-Hoc|iPhone.Deploy.0 = Release|Any CPU
		{9A4410E1-B3FE-4EF9-90AD-4E3A557FE1CE}.Ad-Hoc|iPhoneSimulator.ActiveCfg = Release|Any CPU
		{9A4410E1-B3FE-4EF9-90AD-4E3A557FE1CE}.Ad-Hoc|iPhoneSimulator.Build.0 = Release|Any CPU
		{9A4410E1-B3FE-4EF9-90AD-4E3A557FE1CE}.Ad-Hoc|iPhoneSimulator.Deploy.0 = Release|Any CPU
		{9A4410E1-B3FE-4EF9-90AD-4E3A557FE1CE}.Ad-Hoc|x64.ActiveCfg = Release|Any CPU
		{9A4410E1-B3FE-4EF9-90AD-4E3A557FE1CE}.Ad-Hoc|x64.Build.0 = Release|Any CPU
		{9A4410E1-B3FE-4EF9-90AD-4E3A557FE1CE}.Ad-Hoc|x64.Deploy.0 = Release|Any CPU
		{9A4410E1-B3FE-4EF9-90AD-4E3A557FE1CE}.Ad-Hoc|x86.ActiveCfg = Release|Any CPU
		{9A4410E1-B3FE-4EF9-90AD-4E3A557FE1CE}.Ad-Hoc|x86.Build.0 = Release|Any CPU
		{9A4410E1-B3FE-4EF9-90AD-4E3A557FE1CE}.Ad-Hoc|x86.Deploy.0 = Release|Any CPU
		{9A4410E1-B3FE-4EF9-90AD-4E3A557FE1CE}.AppStore|Any CPU.ActiveCfg = Release|Any CPU
		{9A4410E1-B3FE-4EF9-90AD-4E3A557FE1CE}.AppStore|Any CPU.Build.0 = Release|Any CPU
		{9A4410E1-B3FE-4EF9-90AD-4E3A557FE1CE}.AppStore|Any CPU.Deploy.0 = Release|Any CPU
		{9A4410E1-B3FE-4EF9-90AD-4E3A557FE1CE}.AppStore|ARM.ActiveCfg = Release|Any CPU
		{9A4410E1-B3FE-4EF9-90AD-4E3A557FE1CE}.AppStore|ARM.Build.0 = Release|Any CPU
		{9A4410E1-B3FE-4EF9-90AD-4E3A557FE1CE}.AppStore|ARM.Deploy.0 = Release|Any CPU
		{9A4410E1-B3FE-4EF9-90AD-4E3A557FE1CE}.AppStore|iPhone.ActiveCfg = Release|Any CPU
		{9A4410E1-B3FE-4EF9-90AD-4E3A557FE1CE}.AppStore|iPhone.Build.0 = Release|Any CPU
		{9A4410E1-B3FE-4EF9-90AD-4E3A557FE1CE}.AppStore|iPhone.Deploy.0 = Release|Any CPU
		{9A4410E1-B3FE-4EF9-90AD-4E3A557FE1CE}.AppStore|iPhoneSimulator.ActiveCfg = Release|Any CPU
		{9A4410E1-B3FE-4EF9-90AD-4E3A557FE1CE}.AppStore|iPhoneSimulator.Build.0 = Release|Any CPU
		{9A4410E1-B3FE-4EF9-90AD-4E3A557FE1CE}.AppStore|iPhoneSimulator.Deploy.0 = Release|Any CPU
		{9A4410E1-B3FE-4EF9-90AD-4E3A557FE1CE}.AppStore|x64.ActiveCfg = Release|Any CPU
		{9A4410E1-B3FE-4EF9-90AD-4E3A557FE1CE}.AppStore|x64.Build.0 = Release|Any CPU
		{9A4410E1-B3FE-4EF9-90AD-4E3A557FE1CE}.AppStore|x64.Deploy.0 = Release|Any CPU
		{9A4410E1-B3FE-4EF9-90AD-4E3A557FE1CE}.AppStore|x86.ActiveCfg = Release|Any CPU
		{9A4410E1-B3FE-4EF9-90AD-4E3A557FE1CE}.AppStore|x86.Build.0 = Release|Any CPU
		{9A4410E1-B3FE-4EF9-90AD-4E3A557FE1CE}.AppStore|x86.Deploy.0 = Release|Any CPU
		{9A4410E1-B3FE-4EF9-90AD-4E3A557FE1CE}.Debug|Any CPU.ActiveCfg = Debug|Any CPU
		{9A4410E1-B3FE-4EF9-90AD-4E3A557FE1CE}.Debug|Any CPU.Build.0 = Debug|Any CPU
		{9A4410E1-B3FE-4EF9-90AD-4E3A557FE1CE}.Debug|Any CPU.Deploy.0 = Debug|Any CPU
		{9A4410E1-B3FE-4EF9-90AD-4E3A557FE1CE}.Debug|ARM.ActiveCfg = Debug|Any CPU
		{9A4410E1-B3FE-4EF9-90AD-4E3A557FE1CE}.Debug|ARM.Build.0 = Debug|Any CPU
		{9A4410E1-B3FE-4EF9-90AD-4E3A557FE1CE}.Debug|ARM.Deploy.0 = Debug|Any CPU
		{9A4410E1-B3FE-4EF9-90AD-4E3A557FE1CE}.Debug|iPhone.ActiveCfg = Debug|Any CPU
		{9A4410E1-B3FE-4EF9-90AD-4E3A557FE1CE}.Debug|iPhone.Build.0 = Debug|Any CPU
		{9A4410E1-B3FE-4EF9-90AD-4E3A557FE1CE}.Debug|iPhone.Deploy.0 = Debug|Any CPU
		{9A4410E1-B3FE-4EF9-90AD-4E3A557FE1CE}.Debug|iPhoneSimulator.ActiveCfg = Debug|Any CPU
		{9A4410E1-B3FE-4EF9-90AD-4E3A557FE1CE}.Debug|iPhoneSimulator.Build.0 = Debug|Any CPU
		{9A4410E1-B3FE-4EF9-90AD-4E3A557FE1CE}.Debug|iPhoneSimulator.Deploy.0 = Debug|Any CPU
		{9A4410E1-B3FE-4EF9-90AD-4E3A557FE1CE}.Debug|x64.ActiveCfg = Debug|Any CPU
		{9A4410E1-B3FE-4EF9-90AD-4E3A557FE1CE}.Debug|x64.Build.0 = Debug|Any CPU
		{9A4410E1-B3FE-4EF9-90AD-4E3A557FE1CE}.Debug|x64.Deploy.0 = Debug|Any CPU
		{9A4410E1-B3FE-4EF9-90AD-4E3A557FE1CE}.Debug|x86.ActiveCfg = Debug|Any CPU
		{9A4410E1-B3FE-4EF9-90AD-4E3A557FE1CE}.Debug|x86.Build.0 = Debug|Any CPU
		{9A4410E1-B3FE-4EF9-90AD-4E3A557FE1CE}.Debug|x86.Deploy.0 = Debug|Any CPU
		{9A4410E1-B3FE-4EF9-90AD-4E3A557FE1CE}.Release|Any CPU.ActiveCfg = Release|Any CPU
		{9A4410E1-B3FE-4EF9-90AD-4E3A557FE1CE}.Release|Any CPU.Build.0 = Release|Any CPU
		{9A4410E1-B3FE-4EF9-90AD-4E3A557FE1CE}.Release|Any CPU.Deploy.0 = Release|Any CPU
		{9A4410E1-B3FE-4EF9-90AD-4E3A557FE1CE}.Release|ARM.ActiveCfg = Release|Any CPU
		{9A4410E1-B3FE-4EF9-90AD-4E3A557FE1CE}.Release|ARM.Build.0 = Release|Any CPU
		{9A4410E1-B3FE-4EF9-90AD-4E3A557FE1CE}.Release|ARM.Deploy.0 = Release|Any CPU
		{9A4410E1-B3FE-4EF9-90AD-4E3A557FE1CE}.Release|iPhone.ActiveCfg = Release|Any CPU
		{9A4410E1-B3FE-4EF9-90AD-4E3A557FE1CE}.Release|iPhone.Build.0 = Release|Any CPU
		{9A4410E1-B3FE-4EF9-90AD-4E3A557FE1CE}.Release|iPhone.Deploy.0 = Release|Any CPU
		{9A4410E1-B3FE-4EF9-90AD-4E3A557FE1CE}.Release|iPhoneSimulator.ActiveCfg = Release|Any CPU
		{9A4410E1-B3FE-4EF9-90AD-4E3A557FE1CE}.Release|iPhoneSimulator.Build.0 = Release|Any CPU
		{9A4410E1-B3FE-4EF9-90AD-4E3A557FE1CE}.Release|iPhoneSimulator.Deploy.0 = Release|Any CPU
		{9A4410E1-B3FE-4EF9-90AD-4E3A557FE1CE}.Release|x64.ActiveCfg = Release|Any CPU
		{9A4410E1-B3FE-4EF9-90AD-4E3A557FE1CE}.Release|x64.Build.0 = Release|Any CPU
		{9A4410E1-B3FE-4EF9-90AD-4E3A557FE1CE}.Release|x64.Deploy.0 = Release|Any CPU
		{9A4410E1-B3FE-4EF9-90AD-4E3A557FE1CE}.Release|x86.ActiveCfg = Release|Any CPU
		{9A4410E1-B3FE-4EF9-90AD-4E3A557FE1CE}.Release|x86.Build.0 = Release|Any CPU
		{9A4410E1-B3FE-4EF9-90AD-4E3A557FE1CE}.Release|x86.Deploy.0 = Release|Any CPU
		{B54A0BBA-B9DE-4C80-91D3-494967A6980A}.Ad-Hoc|Any CPU.ActiveCfg = Ad-Hoc|iPhone
		{B54A0BBA-B9DE-4C80-91D3-494967A6980A}.Ad-Hoc|ARM.ActiveCfg = Ad-Hoc|iPhone
		{B54A0BBA-B9DE-4C80-91D3-494967A6980A}.Ad-Hoc|iPhone.ActiveCfg = Ad-Hoc|iPhone
		{B54A0BBA-B9DE-4C80-91D3-494967A6980A}.Ad-Hoc|iPhone.Build.0 = Ad-Hoc|iPhone
		{B54A0BBA-B9DE-4C80-91D3-494967A6980A}.Ad-Hoc|iPhoneSimulator.ActiveCfg = Ad-Hoc|iPhoneSimulator
		{B54A0BBA-B9DE-4C80-91D3-494967A6980A}.Ad-Hoc|iPhoneSimulator.Build.0 = Ad-Hoc|iPhoneSimulator
		{B54A0BBA-B9DE-4C80-91D3-494967A6980A}.Ad-Hoc|x64.ActiveCfg = Ad-Hoc|iPhone
		{B54A0BBA-B9DE-4C80-91D3-494967A6980A}.Ad-Hoc|x86.ActiveCfg = Ad-Hoc|iPhone
		{B54A0BBA-B9DE-4C80-91D3-494967A6980A}.AppStore|Any CPU.ActiveCfg = AppStore|iPhone
		{B54A0BBA-B9DE-4C80-91D3-494967A6980A}.AppStore|ARM.ActiveCfg = AppStore|iPhone
		{B54A0BBA-B9DE-4C80-91D3-494967A6980A}.AppStore|iPhone.ActiveCfg = AppStore|iPhone
		{B54A0BBA-B9DE-4C80-91D3-494967A6980A}.AppStore|iPhone.Build.0 = AppStore|iPhone
		{B54A0BBA-B9DE-4C80-91D3-494967A6980A}.AppStore|iPhoneSimulator.ActiveCfg = AppStore|iPhoneSimulator
		{B54A0BBA-B9DE-4C80-91D3-494967A6980A}.AppStore|iPhoneSimulator.Build.0 = AppStore|iPhoneSimulator
		{B54A0BBA-B9DE-4C80-91D3-494967A6980A}.AppStore|x64.ActiveCfg = AppStore|iPhone
		{B54A0BBA-B9DE-4C80-91D3-494967A6980A}.AppStore|x86.ActiveCfg = AppStore|iPhone
		{B54A0BBA-B9DE-4C80-91D3-494967A6980A}.Debug|Any CPU.ActiveCfg = Debug|iPhone
		{B54A0BBA-B9DE-4C80-91D3-494967A6980A}.Debug|ARM.ActiveCfg = Debug|iPhone
		{B54A0BBA-B9DE-4C80-91D3-494967A6980A}.Debug|iPhone.ActiveCfg = Debug|iPhone
		{B54A0BBA-B9DE-4C80-91D3-494967A6980A}.Debug|iPhone.Build.0 = Debug|iPhone
		{B54A0BBA-B9DE-4C80-91D3-494967A6980A}.Debug|iPhoneSimulator.ActiveCfg = Debug|iPhoneSimulator
		{B54A0BBA-B9DE-4C80-91D3-494967A6980A}.Debug|iPhoneSimulator.Build.0 = Debug|iPhoneSimulator
		{B54A0BBA-B9DE-4C80-91D3-494967A6980A}.Debug|x64.ActiveCfg = Debug|iPhone
		{B54A0BBA-B9DE-4C80-91D3-494967A6980A}.Debug|x86.ActiveCfg = Debug|iPhone
		{B54A0BBA-B9DE-4C80-91D3-494967A6980A}.Release|Any CPU.ActiveCfg = Release|iPhone
		{B54A0BBA-B9DE-4C80-91D3-494967A6980A}.Release|ARM.ActiveCfg = Release|iPhone
		{B54A0BBA-B9DE-4C80-91D3-494967A6980A}.Release|iPhone.ActiveCfg = Release|iPhone
		{B54A0BBA-B9DE-4C80-91D3-494967A6980A}.Release|iPhone.Build.0 = Release|iPhone
		{B54A0BBA-B9DE-4C80-91D3-494967A6980A}.Release|iPhoneSimulator.ActiveCfg = Release|iPhoneSimulator
		{B54A0BBA-B9DE-4C80-91D3-494967A6980A}.Release|iPhoneSimulator.Build.0 = Release|iPhoneSimulator
		{B54A0BBA-B9DE-4C80-91D3-494967A6980A}.Release|x64.ActiveCfg = Release|iPhone
		{B54A0BBA-B9DE-4C80-91D3-494967A6980A}.Release|x86.ActiveCfg = Release|iPhone
		{C6B88858-94DB-4691-95A9-C9E59D8D2384}.Ad-Hoc|Any CPU.ActiveCfg = Release|Any CPU
		{C6B88858-94DB-4691-95A9-C9E59D8D2384}.Ad-Hoc|Any CPU.Build.0 = Release|Any CPU
		{C6B88858-94DB-4691-95A9-C9E59D8D2384}.Ad-Hoc|Any CPU.Deploy.0 = Release|Any CPU
		{C6B88858-94DB-4691-95A9-C9E59D8D2384}.Ad-Hoc|ARM.ActiveCfg = Release|ARM
		{C6B88858-94DB-4691-95A9-C9E59D8D2384}.Ad-Hoc|ARM.Build.0 = Release|ARM
		{C6B88858-94DB-4691-95A9-C9E59D8D2384}.Ad-Hoc|ARM.Deploy.0 = Release|ARM
		{C6B88858-94DB-4691-95A9-C9E59D8D2384}.Ad-Hoc|iPhone.ActiveCfg = Release|Any CPU
		{C6B88858-94DB-4691-95A9-C9E59D8D2384}.Ad-Hoc|iPhone.Build.0 = Release|Any CPU
		{C6B88858-94DB-4691-95A9-C9E59D8D2384}.Ad-Hoc|iPhone.Deploy.0 = Release|Any CPU
		{C6B88858-94DB-4691-95A9-C9E59D8D2384}.Ad-Hoc|iPhoneSimulator.ActiveCfg = Release|Any CPU
		{C6B88858-94DB-4691-95A9-C9E59D8D2384}.Ad-Hoc|iPhoneSimulator.Build.0 = Release|Any CPU
		{C6B88858-94DB-4691-95A9-C9E59D8D2384}.Ad-Hoc|iPhoneSimulator.Deploy.0 = Release|Any CPU
		{C6B88858-94DB-4691-95A9-C9E59D8D2384}.Ad-Hoc|x64.ActiveCfg = Release|Any CPU
		{C6B88858-94DB-4691-95A9-C9E59D8D2384}.Ad-Hoc|x64.Build.0 = Release|Any CPU
		{C6B88858-94DB-4691-95A9-C9E59D8D2384}.Ad-Hoc|x64.Deploy.0 = Release|Any CPU
		{C6B88858-94DB-4691-95A9-C9E59D8D2384}.Ad-Hoc|x86.ActiveCfg = Release|x86
		{C6B88858-94DB-4691-95A9-C9E59D8D2384}.Ad-Hoc|x86.Build.0 = Release|x86
		{C6B88858-94DB-4691-95A9-C9E59D8D2384}.Ad-Hoc|x86.Deploy.0 = Release|x86
		{C6B88858-94DB-4691-95A9-C9E59D8D2384}.AppStore|Any CPU.ActiveCfg = Release|Any CPU
		{C6B88858-94DB-4691-95A9-C9E59D8D2384}.AppStore|Any CPU.Build.0 = Release|Any CPU
		{C6B88858-94DB-4691-95A9-C9E59D8D2384}.AppStore|Any CPU.Deploy.0 = Release|Any CPU
		{C6B88858-94DB-4691-95A9-C9E59D8D2384}.AppStore|ARM.ActiveCfg = Release|ARM
		{C6B88858-94DB-4691-95A9-C9E59D8D2384}.AppStore|ARM.Build.0 = Release|ARM
		{C6B88858-94DB-4691-95A9-C9E59D8D2384}.AppStore|ARM.Deploy.0 = Release|ARM
		{C6B88858-94DB-4691-95A9-C9E59D8D2384}.AppStore|iPhone.ActiveCfg = Release|Any CPU
		{C6B88858-94DB-4691-95A9-C9E59D8D2384}.AppStore|iPhone.Build.0 = Release|Any CPU
		{C6B88858-94DB-4691-95A9-C9E59D8D2384}.AppStore|iPhone.Deploy.0 = Release|Any CPU
		{C6B88858-94DB-4691-95A9-C9E59D8D2384}.AppStore|iPhoneSimulator.ActiveCfg = Release|Any CPU
		{C6B88858-94DB-4691-95A9-C9E59D8D2384}.AppStore|iPhoneSimulator.Build.0 = Release|Any CPU
		{C6B88858-94DB-4691-95A9-C9E59D8D2384}.AppStore|iPhoneSimulator.Deploy.0 = Release|Any CPU
		{C6B88858-94DB-4691-95A9-C9E59D8D2384}.AppStore|x64.ActiveCfg = Release|Any CPU
		{C6B88858-94DB-4691-95A9-C9E59D8D2384}.AppStore|x64.Build.0 = Release|Any CPU
		{C6B88858-94DB-4691-95A9-C9E59D8D2384}.AppStore|x64.Deploy.0 = Release|Any CPU
		{C6B88858-94DB-4691-95A9-C9E59D8D2384}.AppStore|x86.ActiveCfg = Release|x86
		{C6B88858-94DB-4691-95A9-C9E59D8D2384}.AppStore|x86.Build.0 = Release|x86
		{C6B88858-94DB-4691-95A9-C9E59D8D2384}.AppStore|x86.Deploy.0 = Release|x86
		{C6B88858-94DB-4691-95A9-C9E59D8D2384}.Debug|Any CPU.ActiveCfg = Debug|Any CPU
		{C6B88858-94DB-4691-95A9-C9E59D8D2384}.Debug|Any CPU.Build.0 = Debug|Any CPU
		{C6B88858-94DB-4691-95A9-C9E59D8D2384}.Debug|Any CPU.Deploy.0 = Debug|Any CPU
		{C6B88858-94DB-4691-95A9-C9E59D8D2384}.Debug|ARM.ActiveCfg = Debug|ARM
		{C6B88858-94DB-4691-95A9-C9E59D8D2384}.Debug|ARM.Build.0 = Debug|ARM
		{C6B88858-94DB-4691-95A9-C9E59D8D2384}.Debug|ARM.Deploy.0 = Debug|ARM
		{C6B88858-94DB-4691-95A9-C9E59D8D2384}.Debug|iPhone.ActiveCfg = Debug|Any CPU
		{C6B88858-94DB-4691-95A9-C9E59D8D2384}.Debug|iPhone.Build.0 = Debug|Any CPU
		{C6B88858-94DB-4691-95A9-C9E59D8D2384}.Debug|iPhone.Deploy.0 = Debug|Any CPU
		{C6B88858-94DB-4691-95A9-C9E59D8D2384}.Debug|iPhoneSimulator.ActiveCfg = Debug|Any CPU
		{C6B88858-94DB-4691-95A9-C9E59D8D2384}.Debug|iPhoneSimulator.Build.0 = Debug|Any CPU
		{C6B88858-94DB-4691-95A9-C9E59D8D2384}.Debug|iPhoneSimulator.Deploy.0 = Debug|Any CPU
		{C6B88858-94DB-4691-95A9-C9E59D8D2384}.Debug|x64.ActiveCfg = Debug|Any CPU
		{C6B88858-94DB-4691-95A9-C9E59D8D2384}.Debug|x64.Build.0 = Debug|Any CPU
		{C6B88858-94DB-4691-95A9-C9E59D8D2384}.Debug|x64.Deploy.0 = Debug|Any CPU
		{C6B88858-94DB-4691-95A9-C9E59D8D2384}.Debug|x86.ActiveCfg = Debug|x86
		{C6B88858-94DB-4691-95A9-C9E59D8D2384}.Debug|x86.Build.0 = Debug|x86
		{C6B88858-94DB-4691-95A9-C9E59D8D2384}.Debug|x86.Deploy.0 = Debug|x86
		{C6B88858-94DB-4691-95A9-C9E59D8D2384}.Release|Any CPU.ActiveCfg = Release|Any CPU
		{C6B88858-94DB-4691-95A9-C9E59D8D2384}.Release|Any CPU.Build.0 = Release|Any CPU
		{C6B88858-94DB-4691-95A9-C9E59D8D2384}.Release|Any CPU.Deploy.0 = Release|Any CPU
		{C6B88858-94DB-4691-95A9-C9E59D8D2384}.Release|ARM.ActiveCfg = Release|ARM
		{C6B88858-94DB-4691-95A9-C9E59D8D2384}.Release|ARM.Build.0 = Release|ARM
		{C6B88858-94DB-4691-95A9-C9E59D8D2384}.Release|ARM.Deploy.0 = Release|ARM
		{C6B88858-94DB-4691-95A9-C9E59D8D2384}.Release|iPhone.ActiveCfg = Release|Any CPU
		{C6B88858-94DB-4691-95A9-C9E59D8D2384}.Release|iPhone.Build.0 = Release|Any CPU
		{C6B88858-94DB-4691-95A9-C9E59D8D2384}.Release|iPhone.Deploy.0 = Release|Any CPU
		{C6B88858-94DB-4691-95A9-C9E59D8D2384}.Release|iPhoneSimulator.ActiveCfg = Release|Any CPU
		{C6B88858-94DB-4691-95A9-C9E59D8D2384}.Release|iPhoneSimulator.Build.0 = Release|Any CPU
		{C6B88858-94DB-4691-95A9-C9E59D8D2384}.Release|iPhoneSimulator.Deploy.0 = Release|Any CPU
		{C6B88858-94DB-4691-95A9-C9E59D8D2384}.Release|x64.ActiveCfg = Release|Any CPU
		{C6B88858-94DB-4691-95A9-C9E59D8D2384}.Release|x64.Build.0 = Release|Any CPU
		{C6B88858-94DB-4691-95A9-C9E59D8D2384}.Release|x64.Deploy.0 = Release|Any CPU
		{C6B88858-94DB-4691-95A9-C9E59D8D2384}.Release|x86.ActiveCfg = Release|x86
		{C6B88858-94DB-4691-95A9-C9E59D8D2384}.Release|x86.Build.0 = Release|x86
		{C6B88858-94DB-4691-95A9-C9E59D8D2384}.Release|x86.Deploy.0 = Release|x86
		{D05EDFED-7394-42CF-A6BA-7FBF243E822D}.Ad-Hoc|Any CPU.ActiveCfg = Release|x86
		{D05EDFED-7394-42CF-A6BA-7FBF243E822D}.Ad-Hoc|Any CPU.Build.0 = Release|x86
		{D05EDFED-7394-42CF-A6BA-7FBF243E822D}.Ad-Hoc|Any CPU.Deploy.0 = Release|x86
		{D05EDFED-7394-42CF-A6BA-7FBF243E822D}.Ad-Hoc|ARM.ActiveCfg = Release|ARM
		{D05EDFED-7394-42CF-A6BA-7FBF243E822D}.Ad-Hoc|ARM.Build.0 = Release|ARM
		{D05EDFED-7394-42CF-A6BA-7FBF243E822D}.Ad-Hoc|ARM.Deploy.0 = Release|ARM
		{D05EDFED-7394-42CF-A6BA-7FBF243E822D}.Ad-Hoc|iPhone.ActiveCfg = Release|x86
		{D05EDFED-7394-42CF-A6BA-7FBF243E822D}.Ad-Hoc|iPhone.Build.0 = Release|x86
		{D05EDFED-7394-42CF-A6BA-7FBF243E822D}.Ad-Hoc|iPhone.Deploy.0 = Release|x86
		{D05EDFED-7394-42CF-A6BA-7FBF243E822D}.Ad-Hoc|iPhoneSimulator.ActiveCfg = Release|x86
		{D05EDFED-7394-42CF-A6BA-7FBF243E822D}.Ad-Hoc|iPhoneSimulator.Build.0 = Release|x86
		{D05EDFED-7394-42CF-A6BA-7FBF243E822D}.Ad-Hoc|iPhoneSimulator.Deploy.0 = Release|x86
		{D05EDFED-7394-42CF-A6BA-7FBF243E822D}.Ad-Hoc|x64.ActiveCfg = Release|x64
		{D05EDFED-7394-42CF-A6BA-7FBF243E822D}.Ad-Hoc|x64.Build.0 = Release|x64
		{D05EDFED-7394-42CF-A6BA-7FBF243E822D}.Ad-Hoc|x64.Deploy.0 = Release|x64
		{D05EDFED-7394-42CF-A6BA-7FBF243E822D}.Ad-Hoc|x86.ActiveCfg = Release|x86
		{D05EDFED-7394-42CF-A6BA-7FBF243E822D}.Ad-Hoc|x86.Build.0 = Release|x86
		{D05EDFED-7394-42CF-A6BA-7FBF243E822D}.Ad-Hoc|x86.Deploy.0 = Release|x86
		{D05EDFED-7394-42CF-A6BA-7FBF243E822D}.AppStore|Any CPU.ActiveCfg = Release|x86
		{D05EDFED-7394-42CF-A6BA-7FBF243E822D}.AppStore|Any CPU.Build.0 = Release|x86
		{D05EDFED-7394-42CF-A6BA-7FBF243E822D}.AppStore|Any CPU.Deploy.0 = Release|x86
		{D05EDFED-7394-42CF-A6BA-7FBF243E822D}.AppStore|ARM.ActiveCfg = Release|ARM
		{D05EDFED-7394-42CF-A6BA-7FBF243E822D}.AppStore|ARM.Build.0 = Release|ARM
		{D05EDFED-7394-42CF-A6BA-7FBF243E822D}.AppStore|ARM.Deploy.0 = Release|ARM
		{D05EDFED-7394-42CF-A6BA-7FBF243E822D}.AppStore|iPhone.ActiveCfg = Release|x86
		{D05EDFED-7394-42CF-A6BA-7FBF243E822D}.AppStore|iPhone.Build.0 = Release|x86
		{D05EDFED-7394-42CF-A6BA-7FBF243E822D}.AppStore|iPhone.Deploy.0 = Release|x86
		{D05EDFED-7394-42CF-A6BA-7FBF243E822D}.AppStore|iPhoneSimulator.ActiveCfg = Release|x86
		{D05EDFED-7394-42CF-A6BA-7FBF243E822D}.AppStore|iPhoneSimulator.Build.0 = Release|x86
		{D05EDFED-7394-42CF-A6BA-7FBF243E822D}.AppStore|iPhoneSimulator.Deploy.0 = Release|x86
		{D05EDFED-7394-42CF-A6BA-7FBF243E822D}.AppStore|x64.ActiveCfg = Release|x64
		{D05EDFED-7394-42CF-A6BA-7FBF243E822D}.AppStore|x64.Build.0 = Release|x64
		{D05EDFED-7394-42CF-A6BA-7FBF243E822D}.AppStore|x64.Deploy.0 = Release|x64
		{D05EDFED-7394-42CF-A6BA-7FBF243E822D}.AppStore|x86.ActiveCfg = Release|x86
		{D05EDFED-7394-42CF-A6BA-7FBF243E822D}.AppStore|x86.Build.0 = Release|x86
		{D05EDFED-7394-42CF-A6BA-7FBF243E822D}.AppStore|x86.Deploy.0 = Release|x86
		{D05EDFED-7394-42CF-A6BA-7FBF243E822D}.Debug|Any CPU.ActiveCfg = Debug|x86
		{D05EDFED-7394-42CF-A6BA-7FBF243E822D}.Debug|ARM.ActiveCfg = Debug|ARM
		{D05EDFED-7394-42CF-A6BA-7FBF243E822D}.Debug|ARM.Build.0 = Debug|ARM
		{D05EDFED-7394-42CF-A6BA-7FBF243E822D}.Debug|ARM.Deploy.0 = Debug|ARM
		{D05EDFED-7394-42CF-A6BA-7FBF243E822D}.Debug|iPhone.ActiveCfg = Debug|x86
		{D05EDFED-7394-42CF-A6BA-7FBF243E822D}.Debug|iPhoneSimulator.ActiveCfg = Debug|x86
		{D05EDFED-7394-42CF-A6BA-7FBF243E822D}.Debug|x64.ActiveCfg = Debug|x64
		{D05EDFED-7394-42CF-A6BA-7FBF243E822D}.Debug|x64.Build.0 = Debug|x64
		{D05EDFED-7394-42CF-A6BA-7FBF243E822D}.Debug|x64.Deploy.0 = Debug|x64
		{D05EDFED-7394-42CF-A6BA-7FBF243E822D}.Debug|x86.ActiveCfg = Debug|x86
		{D05EDFED-7394-42CF-A6BA-7FBF243E822D}.Debug|x86.Build.0 = Debug|x86
		{D05EDFED-7394-42CF-A6BA-7FBF243E822D}.Debug|x86.Deploy.0 = Debug|x86
		{D05EDFED-7394-42CF-A6BA-7FBF243E822D}.Release|Any CPU.ActiveCfg = Release|x86
		{D05EDFED-7394-42CF-A6BA-7FBF243E822D}.Release|ARM.ActiveCfg = Release|ARM
		{D05EDFED-7394-42CF-A6BA-7FBF243E822D}.Release|ARM.Build.0 = Release|ARM
		{D05EDFED-7394-42CF-A6BA-7FBF243E822D}.Release|ARM.Deploy.0 = Release|ARM
		{D05EDFED-7394-42CF-A6BA-7FBF243E822D}.Release|iPhone.ActiveCfg = Release|x86
		{D05EDFED-7394-42CF-A6BA-7FBF243E822D}.Release|iPhoneSimulator.ActiveCfg = Release|x86
		{D05EDFED-7394-42CF-A6BA-7FBF243E822D}.Release|x64.ActiveCfg = Release|x64
		{D05EDFED-7394-42CF-A6BA-7FBF243E822D}.Release|x64.Build.0 = Release|x64
		{D05EDFED-7394-42CF-A6BA-7FBF243E822D}.Release|x64.Deploy.0 = Release|x64
		{D05EDFED-7394-42CF-A6BA-7FBF243E822D}.Release|x86.ActiveCfg = Release|x86
		{D05EDFED-7394-42CF-A6BA-7FBF243E822D}.Release|x86.Build.0 = Release|x86
		{D05EDFED-7394-42CF-A6BA-7FBF243E822D}.Release|x86.Deploy.0 = Release|x86
		{613F0D5F-092E-4DC6-8786-A856DBE329B4}.Ad-Hoc|Any CPU.ActiveCfg = Release|Any CPU
		{613F0D5F-092E-4DC6-8786-A856DBE329B4}.Ad-Hoc|Any CPU.Build.0 = Release|Any CPU
		{613F0D5F-092E-4DC6-8786-A856DBE329B4}.Ad-Hoc|Any CPU.Deploy.0 = Release|Any CPU
		{613F0D5F-092E-4DC6-8786-A856DBE329B4}.Ad-Hoc|ARM.ActiveCfg = Release|ARM
		{613F0D5F-092E-4DC6-8786-A856DBE329B4}.Ad-Hoc|ARM.Build.0 = Release|ARM
		{613F0D5F-092E-4DC6-8786-A856DBE329B4}.Ad-Hoc|ARM.Deploy.0 = Release|ARM
		{613F0D5F-092E-4DC6-8786-A856DBE329B4}.Ad-Hoc|iPhone.ActiveCfg = Release|Any CPU
		{613F0D5F-092E-4DC6-8786-A856DBE329B4}.Ad-Hoc|iPhone.Build.0 = Release|Any CPU
		{613F0D5F-092E-4DC6-8786-A856DBE329B4}.Ad-Hoc|iPhone.Deploy.0 = Release|Any CPU
		{613F0D5F-092E-4DC6-8786-A856DBE329B4}.Ad-Hoc|iPhoneSimulator.ActiveCfg = Release|Any CPU
		{613F0D5F-092E-4DC6-8786-A856DBE329B4}.Ad-Hoc|iPhoneSimulator.Build.0 = Release|Any CPU
		{613F0D5F-092E-4DC6-8786-A856DBE329B4}.Ad-Hoc|iPhoneSimulator.Deploy.0 = Release|Any CPU
		{613F0D5F-092E-4DC6-8786-A856DBE329B4}.Ad-Hoc|x64.ActiveCfg = Release|x64
		{613F0D5F-092E-4DC6-8786-A856DBE329B4}.Ad-Hoc|x64.Build.0 = Release|x64
		{613F0D5F-092E-4DC6-8786-A856DBE329B4}.Ad-Hoc|x64.Deploy.0 = Release|x64
		{613F0D5F-092E-4DC6-8786-A856DBE329B4}.Ad-Hoc|x86.ActiveCfg = Release|x86
		{613F0D5F-092E-4DC6-8786-A856DBE329B4}.Ad-Hoc|x86.Build.0 = Release|x86
		{613F0D5F-092E-4DC6-8786-A856DBE329B4}.Ad-Hoc|x86.Deploy.0 = Release|x86
		{613F0D5F-092E-4DC6-8786-A856DBE329B4}.AppStore|Any CPU.ActiveCfg = Release|Any CPU
		{613F0D5F-092E-4DC6-8786-A856DBE329B4}.AppStore|Any CPU.Build.0 = Release|Any CPU
		{613F0D5F-092E-4DC6-8786-A856DBE329B4}.AppStore|Any CPU.Deploy.0 = Release|Any CPU
		{613F0D5F-092E-4DC6-8786-A856DBE329B4}.AppStore|ARM.ActiveCfg = Release|ARM
		{613F0D5F-092E-4DC6-8786-A856DBE329B4}.AppStore|ARM.Build.0 = Release|ARM
		{613F0D5F-092E-4DC6-8786-A856DBE329B4}.AppStore|ARM.Deploy.0 = Release|ARM
		{613F0D5F-092E-4DC6-8786-A856DBE329B4}.AppStore|iPhone.ActiveCfg = Release|Any CPU
		{613F0D5F-092E-4DC6-8786-A856DBE329B4}.AppStore|iPhone.Build.0 = Release|Any CPU
		{613F0D5F-092E-4DC6-8786-A856DBE329B4}.AppStore|iPhone.Deploy.0 = Release|Any CPU
		{613F0D5F-092E-4DC6-8786-A856DBE329B4}.AppStore|iPhoneSimulator.ActiveCfg = Release|Any CPU
		{613F0D5F-092E-4DC6-8786-A856DBE329B4}.AppStore|iPhoneSimulator.Build.0 = Release|Any CPU
		{613F0D5F-092E-4DC6-8786-A856DBE329B4}.AppStore|iPhoneSimulator.Deploy.0 = Release|Any CPU
		{613F0D5F-092E-4DC6-8786-A856DBE329B4}.AppStore|x64.ActiveCfg = Release|x64
		{613F0D5F-092E-4DC6-8786-A856DBE329B4}.AppStore|x64.Build.0 = Release|x64
		{613F0D5F-092E-4DC6-8786-A856DBE329B4}.AppStore|x64.Deploy.0 = Release|x64
		{613F0D5F-092E-4DC6-8786-A856DBE329B4}.AppStore|x86.ActiveCfg = Release|x86
		{613F0D5F-092E-4DC6-8786-A856DBE329B4}.AppStore|x86.Build.0 = Release|x86
		{613F0D5F-092E-4DC6-8786-A856DBE329B4}.AppStore|x86.Deploy.0 = Release|x86
		{613F0D5F-092E-4DC6-8786-A856DBE329B4}.Debug|Any CPU.ActiveCfg = Debug|Any CPU
		{613F0D5F-092E-4DC6-8786-A856DBE329B4}.Debug|Any CPU.Build.0 = Debug|Any CPU
		{613F0D5F-092E-4DC6-8786-A856DBE329B4}.Debug|Any CPU.Deploy.0 = Debug|Any CPU
		{613F0D5F-092E-4DC6-8786-A856DBE329B4}.Debug|ARM.ActiveCfg = Debug|ARM
		{613F0D5F-092E-4DC6-8786-A856DBE329B4}.Debug|ARM.Build.0 = Debug|ARM
		{613F0D5F-092E-4DC6-8786-A856DBE329B4}.Debug|ARM.Deploy.0 = Debug|ARM
		{613F0D5F-092E-4DC6-8786-A856DBE329B4}.Debug|iPhone.ActiveCfg = Debug|Any CPU
		{613F0D5F-092E-4DC6-8786-A856DBE329B4}.Debug|iPhone.Build.0 = Debug|Any CPU
		{613F0D5F-092E-4DC6-8786-A856DBE329B4}.Debug|iPhone.Deploy.0 = Debug|Any CPU
		{613F0D5F-092E-4DC6-8786-A856DBE329B4}.Debug|iPhoneSimulator.ActiveCfg = Debug|Any CPU
		{613F0D5F-092E-4DC6-8786-A856DBE329B4}.Debug|iPhoneSimulator.Build.0 = Debug|Any CPU
		{613F0D5F-092E-4DC6-8786-A856DBE329B4}.Debug|iPhoneSimulator.Deploy.0 = Debug|Any CPU
		{613F0D5F-092E-4DC6-8786-A856DBE329B4}.Debug|x64.ActiveCfg = Debug|x64
		{613F0D5F-092E-4DC6-8786-A856DBE329B4}.Debug|x64.Build.0 = Debug|x64
		{613F0D5F-092E-4DC6-8786-A856DBE329B4}.Debug|x64.Deploy.0 = Debug|x64
		{613F0D5F-092E-4DC6-8786-A856DBE329B4}.Debug|x86.ActiveCfg = Debug|x86
		{613F0D5F-092E-4DC6-8786-A856DBE329B4}.Debug|x86.Build.0 = Debug|x86
		{613F0D5F-092E-4DC6-8786-A856DBE329B4}.Debug|x86.Deploy.0 = Debug|x86
		{613F0D5F-092E-4DC6-8786-A856DBE329B4}.Release|Any CPU.ActiveCfg = Release|Any CPU
		{613F0D5F-092E-4DC6-8786-A856DBE329B4}.Release|Any CPU.Build.0 = Release|Any CPU
		{613F0D5F-092E-4DC6-8786-A856DBE329B4}.Release|Any CPU.Deploy.0 = Release|Any CPU
		{613F0D5F-092E-4DC6-8786-A856DBE329B4}.Release|ARM.ActiveCfg = Release|ARM
		{613F0D5F-092E-4DC6-8786-A856DBE329B4}.Release|ARM.Build.0 = Release|ARM
		{613F0D5F-092E-4DC6-8786-A856DBE329B4}.Release|ARM.Deploy.0 = Release|ARM
		{613F0D5F-092E-4DC6-8786-A856DBE329B4}.Release|iPhone.ActiveCfg = Release|Any CPU
		{613F0D5F-092E-4DC6-8786-A856DBE329B4}.Release|iPhone.Build.0 = Release|Any CPU
		{613F0D5F-092E-4DC6-8786-A856DBE329B4}.Release|iPhone.Deploy.0 = Release|Any CPU
		{613F0D5F-092E-4DC6-8786-A856DBE329B4}.Release|iPhoneSimulator.ActiveCfg = Release|Any CPU
		{613F0D5F-092E-4DC6-8786-A856DBE329B4}.Release|iPhoneSimulator.Build.0 = Release|Any CPU
		{613F0D5F-092E-4DC6-8786-A856DBE329B4}.Release|iPhoneSimulator.Deploy.0 = Release|Any CPU
		{613F0D5F-092E-4DC6-8786-A856DBE329B4}.Release|x64.ActiveCfg = Release|x64
		{613F0D5F-092E-4DC6-8786-A856DBE329B4}.Release|x64.Build.0 = Release|x64
		{613F0D5F-092E-4DC6-8786-A856DBE329B4}.Release|x64.Deploy.0 = Release|x64
		{613F0D5F-092E-4DC6-8786-A856DBE329B4}.Release|x86.ActiveCfg = Release|x86
		{613F0D5F-092E-4DC6-8786-A856DBE329B4}.Release|x86.Build.0 = Release|x86
		{613F0D5F-092E-4DC6-8786-A856DBE329B4}.Release|x86.Deploy.0 = Release|x86
		{F2E843A4-7543-4C20-B6DA-82A40E0FC257}.Ad-Hoc|Any CPU.ActiveCfg = Release|Any CPU
		{F2E843A4-7543-4C20-B6DA-82A40E0FC257}.Ad-Hoc|Any CPU.Build.0 = Release|Any CPU
		{F2E843A4-7543-4C20-B6DA-82A40E0FC257}.Ad-Hoc|ARM.ActiveCfg = Release|Any CPU
		{F2E843A4-7543-4C20-B6DA-82A40E0FC257}.Ad-Hoc|ARM.Build.0 = Release|Any CPU
		{F2E843A4-7543-4C20-B6DA-82A40E0FC257}.Ad-Hoc|iPhone.ActiveCfg = Release|Any CPU
		{F2E843A4-7543-4C20-B6DA-82A40E0FC257}.Ad-Hoc|iPhone.Build.0 = Release|Any CPU
		{F2E843A4-7543-4C20-B6DA-82A40E0FC257}.Ad-Hoc|iPhoneSimulator.ActiveCfg = Release|Any CPU
		{F2E843A4-7543-4C20-B6DA-82A40E0FC257}.Ad-Hoc|iPhoneSimulator.Build.0 = Release|Any CPU
		{F2E843A4-7543-4C20-B6DA-82A40E0FC257}.Ad-Hoc|x64.ActiveCfg = Release|Any CPU
		{F2E843A4-7543-4C20-B6DA-82A40E0FC257}.Ad-Hoc|x64.Build.0 = Release|Any CPU
		{F2E843A4-7543-4C20-B6DA-82A40E0FC257}.Ad-Hoc|x86.ActiveCfg = Release|Any CPU
		{F2E843A4-7543-4C20-B6DA-82A40E0FC257}.Ad-Hoc|x86.Build.0 = Release|Any CPU
		{F2E843A4-7543-4C20-B6DA-82A40E0FC257}.AppStore|Any CPU.ActiveCfg = Release|Any CPU
		{F2E843A4-7543-4C20-B6DA-82A40E0FC257}.AppStore|Any CPU.Build.0 = Release|Any CPU
		{F2E843A4-7543-4C20-B6DA-82A40E0FC257}.AppStore|ARM.ActiveCfg = Release|Any CPU
		{F2E843A4-7543-4C20-B6DA-82A40E0FC257}.AppStore|ARM.Build.0 = Release|Any CPU
		{F2E843A4-7543-4C20-B6DA-82A40E0FC257}.AppStore|iPhone.ActiveCfg = Release|Any CPU
		{F2E843A4-7543-4C20-B6DA-82A40E0FC257}.AppStore|iPhone.Build.0 = Release|Any CPU
		{F2E843A4-7543-4C20-B6DA-82A40E0FC257}.AppStore|iPhoneSimulator.ActiveCfg = Release|Any CPU
		{F2E843A4-7543-4C20-B6DA-82A40E0FC257}.AppStore|iPhoneSimulator.Build.0 = Release|Any CPU
		{F2E843A4-7543-4C20-B6DA-82A40E0FC257}.AppStore|x64.ActiveCfg = Release|Any CPU
		{F2E843A4-7543-4C20-B6DA-82A40E0FC257}.AppStore|x64.Build.0 = Release|Any CPU
		{F2E843A4-7543-4C20-B6DA-82A40E0FC257}.AppStore|x86.ActiveCfg = Release|Any CPU
		{F2E843A4-7543-4C20-B6DA-82A40E0FC257}.AppStore|x86.Build.0 = Release|Any CPU
		{F2E843A4-7543-4C20-B6DA-82A40E0FC257}.Debug|Any CPU.ActiveCfg = Debug|Any CPU
		{F2E843A4-7543-4C20-B6DA-82A40E0FC257}.Debug|Any CPU.Build.0 = Debug|Any CPU
		{F2E843A4-7543-4C20-B6DA-82A40E0FC257}.Debug|ARM.ActiveCfg = Debug|Any CPU
		{F2E843A4-7543-4C20-B6DA-82A40E0FC257}.Debug|ARM.Build.0 = Debug|Any CPU
		{F2E843A4-7543-4C20-B6DA-82A40E0FC257}.Debug|iPhone.ActiveCfg = Debug|Any CPU
		{F2E843A4-7543-4C20-B6DA-82A40E0FC257}.Debug|iPhone.Build.0 = Debug|Any CPU
		{F2E843A4-7543-4C20-B6DA-82A40E0FC257}.Debug|iPhoneSimulator.ActiveCfg = Debug|Any CPU
		{F2E843A4-7543-4C20-B6DA-82A40E0FC257}.Debug|iPhoneSimulator.Build.0 = Debug|Any CPU
		{F2E843A4-7543-4C20-B6DA-82A40E0FC257}.Debug|x64.ActiveCfg = Debug|Any CPU
		{F2E843A4-7543-4C20-B6DA-82A40E0FC257}.Debug|x64.Build.0 = Debug|Any CPU
		{F2E843A4-7543-4C20-B6DA-82A40E0FC257}.Debug|x86.ActiveCfg = Debug|Any CPU
		{F2E843A4-7543-4C20-B6DA-82A40E0FC257}.Debug|x86.Build.0 = Debug|Any CPU
		{F2E843A4-7543-4C20-B6DA-82A40E0FC257}.Release|Any CPU.ActiveCfg = Release|Any CPU
		{F2E843A4-7543-4C20-B6DA-82A40E0FC257}.Release|Any CPU.Build.0 = Release|Any CPU
		{F2E843A4-7543-4C20-B6DA-82A40E0FC257}.Release|ARM.ActiveCfg = Release|Any CPU
		{F2E843A4-7543-4C20-B6DA-82A40E0FC257}.Release|ARM.Build.0 = Release|Any CPU
		{F2E843A4-7543-4C20-B6DA-82A40E0FC257}.Release|iPhone.ActiveCfg = Release|Any CPU
		{F2E843A4-7543-4C20-B6DA-82A40E0FC257}.Release|iPhone.Build.0 = Release|Any CPU
		{F2E843A4-7543-4C20-B6DA-82A40E0FC257}.Release|iPhoneSimulator.ActiveCfg = Release|Any CPU
		{F2E843A4-7543-4C20-B6DA-82A40E0FC257}.Release|iPhoneSimulator.Build.0 = Release|Any CPU
		{F2E843A4-7543-4C20-B6DA-82A40E0FC257}.Release|x64.ActiveCfg = Release|Any CPU
		{F2E843A4-7543-4C20-B6DA-82A40E0FC257}.Release|x64.Build.0 = Release|Any CPU
		{F2E843A4-7543-4C20-B6DA-82A40E0FC257}.Release|x86.ActiveCfg = Release|Any CPU
		{F2E843A4-7543-4C20-B6DA-82A40E0FC257}.Release|x86.Build.0 = Release|Any CPU
	EndGlobalSection
	GlobalSection(SolutionProperties) = preSolution
		HideSolutionNode = FALSE
	EndGlobalSection
EndGlobal
